
Microsoft Visual Studio Solution File, Format Version 12.00
# Visual Studio Version 16
VisualStudioVersion = 16.0.31402.337
MinimumVisualStudioVersion = 10.0.40219.1
Project("{FAE04EC0-301F-11D3-BF4B-00C04F79EFBC}") = "QueueTopicHelper", "QueueTopicHelper\QueueTopicHelper.csproj", "{DC52035B-20EC-4C61-8C2C-3DF537140287}"
EndProject
Global
	GlobalSection(SolutionConfigurationPlatforms) = preSolution
		Debug|Any CPU = Debug|Any CPU
		Release|Any CPU = Release|Any CPU
	EndGlobalSection
	GlobalSection(ProjectConfigurationPlatforms) = postSolution
		{DC52035B-20EC-4C61-8C2C-3DF537140287}.Debug|Any CPU.ActiveCfg = Debug|Any CPU
		{DC52035B-20EC-4C61-8C2C-3DF537140287}.Debug|Any CPU.Build.0 = Debug|Any CPU
		{DC52035B-20EC-4C61-8C2C-3DF537140287}.Release|Any CPU.ActiveCfg = Release|Any CPU
		{DC52035B-20EC-4C61-8C2C-3DF537140287}.Release|Any CPU.Build.0 = Release|Any CPU
	EndGlobalSection
	GlobalSection(SolutionProperties) = preSolution
		HideSolutionNode = FALSE
	EndGlobalSection
	GlobalSection(ExtensibilityGlobals) = postSolution
		SolutionGuid = {BC74265F-6265-472C-ACF5-7B13CB396C18}
	EndGlobalSection
EndGlobal
